
Microsoft Visual Studio Solution File, Format Version 12.00
# Visual Studio Version 17
VisualStudioVersion = 17.3.32819.101
MinimumVisualStudioVersion = 10.0.40219.1
Project("{FAE04EC0-301F-11D3-BF4B-00C04F79EFBC}") = "Metoder", "Metoder.csproj", "{89149624-8B41-4EBB-A2B6-9F1D50D57E1E}"
EndProject
Global
	GlobalSection(SolutionConfigurationPlatforms) = preSolution
		Debug|Any CPU = Debug|Any CPU
		Release|Any CPU = Release|Any CPU
	EndGlobalSection
	GlobalSection(ProjectConfigurationPlatforms) = postSolution
		{89149624-8B41-4EBB-A2B6-9F1D50D57E1E}.Debug|Any CPU.ActiveCfg = Debug|Any CPU
		{89149624-8B41-4EBB-A2B6-9F1D50D57E1E}.Debug|Any CPU.Build.0 = Debug|Any CPU
		{89149624-8B41-4EBB-A2B6-9F1D50D57E1E}.Release|Any CPU.ActiveCfg = Release|Any CPU
		{89149624-8B41-4EBB-A2B6-9F1D50D57E1E}.Release|Any CPU.Build.0 = Release|Any CPU
	EndGlobalSection
	GlobalSection(SolutionProperties) = preSolution
		HideSolutionNode = FALSE
	EndGlobalSection
	GlobalSection(ExtensibilityGlobals) = postSolution
		SolutionGuid = {3D9D4FD8-AA49-4E22-B00C-C367895B7729}
	EndGlobalSection
EndGlobal
