
Microsoft Visual Studio Solution File, Format Version 12.00
# Visual Studio Version 17
VisualStudioVersion = 17.3.32819.101
MinimumVisualStudioVersion = 10.0.40219.1
Project("{FAE04EC0-301F-11D3-BF4B-00C04F79EFBC}") = "Variabler och datatyper - float", "Variabler och datatyper - float\Variabler och datatyper - float.csproj", "{68133FE2-13BC-4D2B-BC1D-D4430DE0023B}"
EndProject
Global
	GlobalSection(SolutionConfigurationPlatforms) = preSolution
		Debug|Any CPU = Debug|Any CPU
		Release|Any CPU = Release|Any CPU
	EndGlobalSection
	GlobalSection(ProjectConfigurationPlatforms) = postSolution
		{68133FE2-13BC-4D2B-BC1D-D4430DE0023B}.Debug|Any CPU.ActiveCfg = Debug|Any CPU
		{68133FE2-13BC-4D2B-BC1D-D4430DE0023B}.Debug|Any CPU.Build.0 = Debug|Any CPU
		{68133FE2-13BC-4D2B-BC1D-D4430DE0023B}.Release|Any CPU.ActiveCfg = Release|Any CPU
		{68133FE2-13BC-4D2B-BC1D-D4430DE0023B}.Release|Any CPU.Build.0 = Release|Any CPU
	EndGlobalSection
	GlobalSection(SolutionProperties) = preSolution
		HideSolutionNode = FALSE
	EndGlobalSection
	GlobalSection(ExtensibilityGlobals) = postSolution
		SolutionGuid = {5244E3FF-CE27-4ABD-9CA9-39A852A95131}
	EndGlobalSection
EndGlobal
