
Microsoft Visual Studio Solution File, Format Version 12.00
# Visual Studio Version 17
VisualStudioVersion = 17.3.32929.385
MinimumVisualStudioVersion = 10.0.40219.1
Project("{FAE04EC0-301F-11D3-BF4B-00C04F79EFBC}") = "Övningsuppgifter - LINQ", "Övningsuppgifter - LINQ.csproj", "{DB49208F-EE0E-47EA-91B2-6CCF037599AF}"
EndProject
Global
	GlobalSection(SolutionConfigurationPlatforms) = preSolution
		Debug|Any CPU = Debug|Any CPU
		Release|Any CPU = Release|Any CPU
	EndGlobalSection
	GlobalSection(ProjectConfigurationPlatforms) = postSolution
		{DB49208F-EE0E-47EA-91B2-6CCF037599AF}.Debug|Any CPU.ActiveCfg = Debug|Any CPU
		{DB49208F-EE0E-47EA-91B2-6CCF037599AF}.Debug|Any CPU.Build.0 = Debug|Any CPU
		{DB49208F-EE0E-47EA-91B2-6CCF037599AF}.Release|Any CPU.ActiveCfg = Release|Any CPU
		{DB49208F-EE0E-47EA-91B2-6CCF037599AF}.Release|Any CPU.Build.0 = Release|Any CPU
	EndGlobalSection
	GlobalSection(SolutionProperties) = preSolution
		HideSolutionNode = FALSE
	EndGlobalSection
	GlobalSection(ExtensibilityGlobals) = postSolution
		SolutionGuid = {EA2D325F-6952-4B1E-91D3-EE99CC7570BE}
	EndGlobalSection
EndGlobal
