
Microsoft Visual Studio Solution File, Format Version 12.00
# Visual Studio Version 17
VisualStudioVersion = 17.3.32819.101
MinimumVisualStudioVersion = 10.0.40219.1
Project("{FAE04EC0-301F-11D3-BF4B-00C04F79EFBC}") = "Grunder i Metoder Upp.1", "Grunder i Metoder Upp.1\Grunder i Metoder Upp.1.csproj", "{4A998217-A824-4316-AAD7-CA5D3754CFE8}"
EndProject
Global
	GlobalSection(SolutionConfigurationPlatforms) = preSolution
		Debug|Any CPU = Debug|Any CPU
		Release|Any CPU = Release|Any CPU
	EndGlobalSection
	GlobalSection(ProjectConfigurationPlatforms) = postSolution
		{4A998217-A824-4316-AAD7-CA5D3754CFE8}.Debug|Any CPU.ActiveCfg = Debug|Any CPU
		{4A998217-A824-4316-AAD7-CA5D3754CFE8}.Debug|Any CPU.Build.0 = Debug|Any CPU
		{4A998217-A824-4316-AAD7-CA5D3754CFE8}.Release|Any CPU.ActiveCfg = Release|Any CPU
		{4A998217-A824-4316-AAD7-CA5D3754CFE8}.Release|Any CPU.Build.0 = Release|Any CPU
	EndGlobalSection
	GlobalSection(SolutionProperties) = preSolution
		HideSolutionNode = FALSE
	EndGlobalSection
	GlobalSection(ExtensibilityGlobals) = postSolution
		SolutionGuid = {3F47858D-F581-4502-BD79-0AABAAF2312F}
	EndGlobalSection
EndGlobal
