
Microsoft Visual Studio Solution File, Format Version 12.00
# Visual Studio Version 17
VisualStudioVersion = 17.3.32819.101
MinimumVisualStudioVersion = 10.0.40219.1
Project("{FAE04EC0-301F-11D3-BF4B-00C04F79EFBC}") = "OOP Arbete", "OOP Arbete.csproj", "{ECD454FF-685B-46D0-8179-D8D636783EFE}"
EndProject
Global
	GlobalSection(SolutionConfigurationPlatforms) = preSolution
		Debug|Any CPU = Debug|Any CPU
		Release|Any CPU = Release|Any CPU
	EndGlobalSection
	GlobalSection(ProjectConfigurationPlatforms) = postSolution
		{ECD454FF-685B-46D0-8179-D8D636783EFE}.Debug|Any CPU.ActiveCfg = Debug|Any CPU
		{ECD454FF-685B-46D0-8179-D8D636783EFE}.Debug|Any CPU.Build.0 = Debug|Any CPU
		{ECD454FF-685B-46D0-8179-D8D636783EFE}.Release|Any CPU.ActiveCfg = Release|Any CPU
		{ECD454FF-685B-46D0-8179-D8D636783EFE}.Release|Any CPU.Build.0 = Release|Any CPU
	EndGlobalSection
	GlobalSection(SolutionProperties) = preSolution
		HideSolutionNode = FALSE
	EndGlobalSection
	GlobalSection(ExtensibilityGlobals) = postSolution
		SolutionGuid = {D72BE3CB-275D-47E5-85C6-D249BECAB4BF}
	EndGlobalSection
EndGlobal
