
Microsoft Visual Studio Solution File, Format Version 12.00
# Visual Studio Version 17
VisualStudioVersion = 17.3.32819.101
MinimumVisualStudioVersion = 10.0.40219.1
Project("{FAE04EC0-301F-11D3-BF4B-00C04F79EFBC}") = "Loopar - do while 1", "Loopar - do while 1\Loopar - do while 1.csproj", "{DB57E59E-2571-4DAD-B444-A85CA4FEF8D1}"
EndProject
Global
	GlobalSection(SolutionConfigurationPlatforms) = preSolution
		Debug|Any CPU = Debug|Any CPU
		Release|Any CPU = Release|Any CPU
	EndGlobalSection
	GlobalSection(ProjectConfigurationPlatforms) = postSolution
		{DB57E59E-2571-4DAD-B444-A85CA4FEF8D1}.Debug|Any CPU.ActiveCfg = Debug|Any CPU
		{DB57E59E-2571-4DAD-B444-A85CA4FEF8D1}.Debug|Any CPU.Build.0 = Debug|Any CPU
		{DB57E59E-2571-4DAD-B444-A85CA4FEF8D1}.Release|Any CPU.ActiveCfg = Release|Any CPU
		{DB57E59E-2571-4DAD-B444-A85CA4FEF8D1}.Release|Any CPU.Build.0 = Release|Any CPU
	EndGlobalSection
	GlobalSection(SolutionProperties) = preSolution
		HideSolutionNode = FALSE
	EndGlobalSection
	GlobalSection(ExtensibilityGlobals) = postSolution
		SolutionGuid = {55531EA0-57F6-49BC-A424-AAB2B21E0784}
	EndGlobalSection
EndGlobal
