
Microsoft Visual Studio Solution File, Format Version 12.00
# Visual Studio Version 17
VisualStudioVersion = 17.3.32819.101
MinimumVisualStudioVersion = 10.0.40219.1
Project("{FAE04EC0-301F-11D3-BF4B-00C04F79EFBC}") = "Uppgift 1. It takes Klass", "Uppgift 1. It takes Klass.csproj", "{A801DAD0-1B6E-4EDB-AA0C-193D19C20B1A}"
EndProject
Global
	GlobalSection(SolutionConfigurationPlatforms) = preSolution
		Debug|Any CPU = Debug|Any CPU
		Release|Any CPU = Release|Any CPU
	EndGlobalSection
	GlobalSection(ProjectConfigurationPlatforms) = postSolution
		{A801DAD0-1B6E-4EDB-AA0C-193D19C20B1A}.Debug|Any CPU.ActiveCfg = Debug|Any CPU
		{A801DAD0-1B6E-4EDB-AA0C-193D19C20B1A}.Debug|Any CPU.Build.0 = Debug|Any CPU
		{A801DAD0-1B6E-4EDB-AA0C-193D19C20B1A}.Release|Any CPU.ActiveCfg = Release|Any CPU
		{A801DAD0-1B6E-4EDB-AA0C-193D19C20B1A}.Release|Any CPU.Build.0 = Release|Any CPU
	EndGlobalSection
	GlobalSection(SolutionProperties) = preSolution
		HideSolutionNode = FALSE
	EndGlobalSection
	GlobalSection(ExtensibilityGlobals) = postSolution
		SolutionGuid = {FB52F2CF-610F-4A50-8208-FE85F25C181E}
	EndGlobalSection
EndGlobal
