
Microsoft Visual Studio Solution File, Format Version 12.00
# Visual Studio Version 17
VisualStudioVersion = 17.3.32819.101
MinimumVisualStudioVersion = 10.0.40219.1
Project("{FAE04EC0-301F-11D3-BF4B-00C04F79EFBC}") = "Array 1", "Array 1.csproj", "{0ABE9611-27F0-4F9B-A556-A042FD9F7518}"
EndProject
Global
	GlobalSection(SolutionConfigurationPlatforms) = preSolution
		Debug|Any CPU = Debug|Any CPU
		Release|Any CPU = Release|Any CPU
	EndGlobalSection
	GlobalSection(ProjectConfigurationPlatforms) = postSolution
		{0ABE9611-27F0-4F9B-A556-A042FD9F7518}.Debug|Any CPU.ActiveCfg = Debug|Any CPU
		{0ABE9611-27F0-4F9B-A556-A042FD9F7518}.Debug|Any CPU.Build.0 = Debug|Any CPU
		{0ABE9611-27F0-4F9B-A556-A042FD9F7518}.Release|Any CPU.ActiveCfg = Release|Any CPU
		{0ABE9611-27F0-4F9B-A556-A042FD9F7518}.Release|Any CPU.Build.0 = Release|Any CPU
	EndGlobalSection
	GlobalSection(SolutionProperties) = preSolution
		HideSolutionNode = FALSE
	EndGlobalSection
	GlobalSection(ExtensibilityGlobals) = postSolution
		SolutionGuid = {867B627F-6DC2-442B-A904-3AA7C6E8CD34}
	EndGlobalSection
EndGlobal
