
Microsoft Visual Studio Solution File, Format Version 12.00
# Visual Studio Version 17
VisualStudioVersion = 17.3.32819.101
MinimumVisualStudioVersion = 10.0.40219.1
Project("{FAE04EC0-301F-11D3-BF4B-00C04F79EFBC}") = "Kom igång - Hello, World!", "Kom igång - Hello, World!\Kom igång - Hello, World!.csproj", "{631723A7-045A-4CBA-819E-EE6038D6D812}"
EndProject
Global
	GlobalSection(SolutionConfigurationPlatforms) = preSolution
		Debug|Any CPU = Debug|Any CPU
		Release|Any CPU = Release|Any CPU
	EndGlobalSection
	GlobalSection(ProjectConfigurationPlatforms) = postSolution
		{631723A7-045A-4CBA-819E-EE6038D6D812}.Debug|Any CPU.ActiveCfg = Debug|Any CPU
		{631723A7-045A-4CBA-819E-EE6038D6D812}.Debug|Any CPU.Build.0 = Debug|Any CPU
		{631723A7-045A-4CBA-819E-EE6038D6D812}.Release|Any CPU.ActiveCfg = Release|Any CPU
		{631723A7-045A-4CBA-819E-EE6038D6D812}.Release|Any CPU.Build.0 = Release|Any CPU
	EndGlobalSection
	GlobalSection(SolutionProperties) = preSolution
		HideSolutionNode = FALSE
	EndGlobalSection
	GlobalSection(ExtensibilityGlobals) = postSolution
		SolutionGuid = {134F982C-2266-43F9-ABA8-848A9E78E96E}
	EndGlobalSection
EndGlobal
