
Microsoft Visual Studio Solution File, Format Version 12.00
# Visual Studio Version 17
VisualStudioVersion = 17.3.32819.101
MinimumVisualStudioVersion = 10.0.40219.1
Project("{FAE04EC0-301F-11D3-BF4B-00C04F79EFBC}") = "Loopar - for 1", "Loopar - for 1\Loopar - for 1.csproj", "{4FAF0E22-17FD-4070-BFDB-8132DF89F23C}"
EndProject
Global
	GlobalSection(SolutionConfigurationPlatforms) = preSolution
		Debug|Any CPU = Debug|Any CPU
		Release|Any CPU = Release|Any CPU
	EndGlobalSection
	GlobalSection(ProjectConfigurationPlatforms) = postSolution
		{4FAF0E22-17FD-4070-BFDB-8132DF89F23C}.Debug|Any CPU.ActiveCfg = Debug|Any CPU
		{4FAF0E22-17FD-4070-BFDB-8132DF89F23C}.Debug|Any CPU.Build.0 = Debug|Any CPU
		{4FAF0E22-17FD-4070-BFDB-8132DF89F23C}.Release|Any CPU.ActiveCfg = Release|Any CPU
		{4FAF0E22-17FD-4070-BFDB-8132DF89F23C}.Release|Any CPU.Build.0 = Release|Any CPU
	EndGlobalSection
	GlobalSection(SolutionProperties) = preSolution
		HideSolutionNode = FALSE
	EndGlobalSection
	GlobalSection(ExtensibilityGlobals) = postSolution
		SolutionGuid = {C689ADD5-C08E-44DD-9951-1B0DFE7708C5}
	EndGlobalSection
EndGlobal
