
Microsoft Visual Studio Solution File, Format Version 12.00
# Visual Studio Version 17
VisualStudioVersion = 17.3.32929.385
MinimumVisualStudioVersion = 10.0.40219.1
Project("{FAE04EC0-301F-11D3-BF4B-00C04F79EFBC}") = "Övningsuppgifter - String manipulation", "Övningsuppgifter - String manipulation.csproj", "{C332C65F-99AD-439F-934C-B1AE3DEABE40}"
EndProject
Global
	GlobalSection(SolutionConfigurationPlatforms) = preSolution
		Debug|Any CPU = Debug|Any CPU
		Release|Any CPU = Release|Any CPU
	EndGlobalSection
	GlobalSection(ProjectConfigurationPlatforms) = postSolution
		{C332C65F-99AD-439F-934C-B1AE3DEABE40}.Debug|Any CPU.ActiveCfg = Debug|Any CPU
		{C332C65F-99AD-439F-934C-B1AE3DEABE40}.Debug|Any CPU.Build.0 = Debug|Any CPU
		{C332C65F-99AD-439F-934C-B1AE3DEABE40}.Release|Any CPU.ActiveCfg = Release|Any CPU
		{C332C65F-99AD-439F-934C-B1AE3DEABE40}.Release|Any CPU.Build.0 = Release|Any CPU
	EndGlobalSection
	GlobalSection(SolutionProperties) = preSolution
		HideSolutionNode = FALSE
	EndGlobalSection
	GlobalSection(ExtensibilityGlobals) = postSolution
		SolutionGuid = {CF08EE41-4687-470F-A873-AC4C925871C6}
	EndGlobalSection
EndGlobal
