
Microsoft Visual Studio Solution File, Format Version 12.00
# Visual Studio Version 17
VisualStudioVersion = 17.3.32819.101
MinimumVisualStudioVersion = 10.0.40219.1
Project("{FAE04EC0-301F-11D3-BF4B-00C04F79EFBC}") = "Loopar - for 2", "Loopar - for 2\Loopar - for 2.csproj", "{8119C1F9-BE69-4B92-8A5D-76782148D2FE}"
EndProject
Global
	GlobalSection(SolutionConfigurationPlatforms) = preSolution
		Debug|Any CPU = Debug|Any CPU
		Release|Any CPU = Release|Any CPU
	EndGlobalSection
	GlobalSection(ProjectConfigurationPlatforms) = postSolution
		{8119C1F9-BE69-4B92-8A5D-76782148D2FE}.Debug|Any CPU.ActiveCfg = Debug|Any CPU
		{8119C1F9-BE69-4B92-8A5D-76782148D2FE}.Debug|Any CPU.Build.0 = Debug|Any CPU
		{8119C1F9-BE69-4B92-8A5D-76782148D2FE}.Release|Any CPU.ActiveCfg = Release|Any CPU
		{8119C1F9-BE69-4B92-8A5D-76782148D2FE}.Release|Any CPU.Build.0 = Release|Any CPU
	EndGlobalSection
	GlobalSection(SolutionProperties) = preSolution
		HideSolutionNode = FALSE
	EndGlobalSection
	GlobalSection(ExtensibilityGlobals) = postSolution
		SolutionGuid = {1EE54B2D-0F28-421C-910A-23BDCA77B3B6}
	EndGlobalSection
EndGlobal
