
Microsoft Visual Studio Solution File, Format Version 12.00
# Visual Studio Version 17
VisualStudioVersion = 17.3.32819.101
MinimumVisualStudioVersion = 10.0.40219.1
Project("{FAE04EC0-301F-11D3-BF4B-00C04F79EFBC}") = "Array 3", "Array 3.csproj", "{E91E9FCE-424C-4E41-B19A-7A6EE1F6609A}"
EndProject
Global
	GlobalSection(SolutionConfigurationPlatforms) = preSolution
		Debug|Any CPU = Debug|Any CPU
		Release|Any CPU = Release|Any CPU
	EndGlobalSection
	GlobalSection(ProjectConfigurationPlatforms) = postSolution
		{E91E9FCE-424C-4E41-B19A-7A6EE1F6609A}.Debug|Any CPU.ActiveCfg = Debug|Any CPU
		{E91E9FCE-424C-4E41-B19A-7A6EE1F6609A}.Debug|Any CPU.Build.0 = Debug|Any CPU
		{E91E9FCE-424C-4E41-B19A-7A6EE1F6609A}.Release|Any CPU.ActiveCfg = Release|Any CPU
		{E91E9FCE-424C-4E41-B19A-7A6EE1F6609A}.Release|Any CPU.Build.0 = Release|Any CPU
	EndGlobalSection
	GlobalSection(SolutionProperties) = preSolution
		HideSolutionNode = FALSE
	EndGlobalSection
	GlobalSection(ExtensibilityGlobals) = postSolution
		SolutionGuid = {8BAF8C51-CEF9-4F5F-A58E-D54B759221F6}
	EndGlobalSection
EndGlobal
