
Microsoft Visual Studio Solution File, Format Version 12.00
# Visual Studio Version 17
VisualStudioVersion = 17.3.32819.101
MinimumVisualStudioVersion = 10.0.40219.1
Project("{FAE04EC0-301F-11D3-BF4B-00C04F79EFBC}") = "Variabler och datatyper - Typkonvertering 3", "Variabler och datatyper - Typkonvertering 3\Variabler och datatyper - Typkonvertering 3.csproj", "{DE448332-5813-48EE-B1F8-3D096BAE693F}"
EndProject
Global
	GlobalSection(SolutionConfigurationPlatforms) = preSolution
		Debug|Any CPU = Debug|Any CPU
		Release|Any CPU = Release|Any CPU
	EndGlobalSection
	GlobalSection(ProjectConfigurationPlatforms) = postSolution
		{DE448332-5813-48EE-B1F8-3D096BAE693F}.Debug|Any CPU.ActiveCfg = Debug|Any CPU
		{DE448332-5813-48EE-B1F8-3D096BAE693F}.Debug|Any CPU.Build.0 = Debug|Any CPU
		{DE448332-5813-48EE-B1F8-3D096BAE693F}.Release|Any CPU.ActiveCfg = Release|Any CPU
		{DE448332-5813-48EE-B1F8-3D096BAE693F}.Release|Any CPU.Build.0 = Release|Any CPU
	EndGlobalSection
	GlobalSection(SolutionProperties) = preSolution
		HideSolutionNode = FALSE
	EndGlobalSection
	GlobalSection(ExtensibilityGlobals) = postSolution
		SolutionGuid = {BBCA00CB-C222-4468-86C1-1002F895A8B7}
	EndGlobalSection
EndGlobal
