
Microsoft Visual Studio Solution File, Format Version 12.00
# Visual Studio Version 17
VisualStudioVersion = 17.3.32819.101
MinimumVisualStudioVersion = 10.0.40219.1
Project("{FAE04EC0-301F-11D3-BF4B-00C04F79EFBC}") = "Loopar - while 1", "Loopar - while 1\Loopar - while 1.csproj", "{6979FA67-922D-4130-A771-EBF26E2CC131}"
EndProject
Global
	GlobalSection(SolutionConfigurationPlatforms) = preSolution
		Debug|Any CPU = Debug|Any CPU
		Release|Any CPU = Release|Any CPU
	EndGlobalSection
	GlobalSection(ProjectConfigurationPlatforms) = postSolution
		{6979FA67-922D-4130-A771-EBF26E2CC131}.Debug|Any CPU.ActiveCfg = Debug|Any CPU
		{6979FA67-922D-4130-A771-EBF26E2CC131}.Debug|Any CPU.Build.0 = Debug|Any CPU
		{6979FA67-922D-4130-A771-EBF26E2CC131}.Release|Any CPU.ActiveCfg = Release|Any CPU
		{6979FA67-922D-4130-A771-EBF26E2CC131}.Release|Any CPU.Build.0 = Release|Any CPU
	EndGlobalSection
	GlobalSection(SolutionProperties) = preSolution
		HideSolutionNode = FALSE
	EndGlobalSection
	GlobalSection(ExtensibilityGlobals) = postSolution
		SolutionGuid = {58DF7B6A-AE59-4D7E-8E61-CBEF790F31DB}
	EndGlobalSection
EndGlobal
