
Microsoft Visual Studio Solution File, Format Version 12.00
# Visual Studio Version 17
VisualStudioVersion = 17.3.32819.101
MinimumVisualStudioVersion = 10.0.40219.1
Project("{FAE04EC0-301F-11D3-BF4B-00C04F79EFBC}") = "Grunder i Metoder Upp.2", "Grunder i Metoder Upp.2\Grunder i Metoder Upp.2.csproj", "{E7166BAD-58A2-430D-ABE3-6022858C6755}"
EndProject
Global
	GlobalSection(SolutionConfigurationPlatforms) = preSolution
		Debug|Any CPU = Debug|Any CPU
		Release|Any CPU = Release|Any CPU
	EndGlobalSection
	GlobalSection(ProjectConfigurationPlatforms) = postSolution
		{E7166BAD-58A2-430D-ABE3-6022858C6755}.Debug|Any CPU.ActiveCfg = Debug|Any CPU
		{E7166BAD-58A2-430D-ABE3-6022858C6755}.Debug|Any CPU.Build.0 = Debug|Any CPU
		{E7166BAD-58A2-430D-ABE3-6022858C6755}.Release|Any CPU.ActiveCfg = Release|Any CPU
		{E7166BAD-58A2-430D-ABE3-6022858C6755}.Release|Any CPU.Build.0 = Release|Any CPU
	EndGlobalSection
	GlobalSection(SolutionProperties) = preSolution
		HideSolutionNode = FALSE
	EndGlobalSection
	GlobalSection(ExtensibilityGlobals) = postSolution
		SolutionGuid = {4D7F4D15-D285-43AE-81E8-9493DEBA2D3C}
	EndGlobalSection
EndGlobal
