
Microsoft Visual Studio Solution File, Format Version 12.00
# Visual Studio Version 17
VisualStudioVersion = 17.3.32819.101
MinimumVisualStudioVersion = 10.0.40219.1
Project("{FAE04EC0-301F-11D3-BF4B-00C04F79EFBC}") = "Selektion - if-satser 6", "Selektion - if-satser 6\Selektion - if-satser 6.csproj", "{7F5BC765-34DB-4B91-BF43-E606057B74D7}"
EndProject
Global
	GlobalSection(SolutionConfigurationPlatforms) = preSolution
		Debug|Any CPU = Debug|Any CPU
		Release|Any CPU = Release|Any CPU
	EndGlobalSection
	GlobalSection(ProjectConfigurationPlatforms) = postSolution
		{7F5BC765-34DB-4B91-BF43-E606057B74D7}.Debug|Any CPU.ActiveCfg = Debug|Any CPU
		{7F5BC765-34DB-4B91-BF43-E606057B74D7}.Debug|Any CPU.Build.0 = Debug|Any CPU
		{7F5BC765-34DB-4B91-BF43-E606057B74D7}.Release|Any CPU.ActiveCfg = Release|Any CPU
		{7F5BC765-34DB-4B91-BF43-E606057B74D7}.Release|Any CPU.Build.0 = Release|Any CPU
	EndGlobalSection
	GlobalSection(SolutionProperties) = preSolution
		HideSolutionNode = FALSE
	EndGlobalSection
	GlobalSection(ExtensibilityGlobals) = postSolution
		SolutionGuid = {8047A472-9A83-4878-869C-27D74F6C795C}
	EndGlobalSection
EndGlobal
